{
  "name": "ui",
  "version": "1.0.0",
  "lockfileVersion": 1,
  "requires": true,
  "dependencies": {
    "@stitches/react": {
      "version": "1.2.7",
      "resolved": "https://registry.npmjs.org/@stitches/react/-/react-1.2.7.tgz",
      "integrity": "sha512-6AxpUag7OW55ANzRnuy7R15FEyQeZ66fytVo3BBilFIU0mfo3t49CAMcEAL/A1SbhSj/FCdWkn/XrbjGBTJTzg=="
    }
  }
}
